
Microsoft Visual Studio Solution File, Format Version 12.00
Project("{FAE04EC0-301F-11D3-BF4B-00C04F79EFBC}") = "MicroRabbit.Banking.Api", "MicroRabbit\MicroRabbit.Banking.Api\MicroRabbit.Banking.Api.csproj", "{8100E85C-0C4E-4D49-B996-699336863526}"
EndProject
Project("{FAE04EC0-301F-11D3-BF4B-00C04F79EFBC}") = "MicroRabbit.Banking.Application", "MicroRabbit\MicroRabbit.Banking.Application\MicroRabbit.Banking.Application.csproj", "{F1CC19B9-EEE4-468A-958F-7289E7F5D6B0}"
EndProject
Project("{FAE04EC0-301F-11D3-BF4B-00C04F79EFBC}") = "MicroRabbit.Banking.Data", "MicroRabbit\MicroRabbit.Banking.Data\MicroRabbit.Banking.Data.csproj", "{ED32C780-8D10-4F64-A2D1-E236A3451880}"
EndProject
Project("{FAE04EC0-301F-11D3-BF4B-00C04F79EFBC}") = "MicroRabbit.Banking.Domain", "MicroRabbit\MicroRabbit.Banking.Domain\MicroRabbit.Banking.Domain.csproj", "{12C999EE-080A-4F96-951C-209E9DFC9799}"
EndProject
Project("{FAE04EC0-301F-11D3-BF4B-00C04F79EFBC}") = "MicroRabbit.Domain.Core", "MicroRabbit\MicroRabbit.Domain.Core\MicroRabbit.Domain.Core.csproj", "{7B62C160-B842-4588-9312-79585B74413D}"
EndProject
Project("{FAE04EC0-301F-11D3-BF4B-00C04F79EFBC}") = "MicroRabbit.Infra.Bus", "MicroRabbit\MicroRabbit.Infra.Bus\MicroRabbit.Infra.Bus.csproj", "{1D95E713-9796-4428-81C5-8D8E5A9F2372}"
EndProject
Project("{FAE04EC0-301F-11D3-BF4B-00C04F79EFBC}") = "MicroRabbit.Infra.IoC", "MicroRabbit\MicroRabbit.Infra.IoC\MicroRabbit.Infra.IoC.csproj", "{42842350-CEC2-4FE0-B337-D2FBAC83F729}"
EndProject
Project("{FAE04EC0-301F-11D3-BF4B-00C04F79EFBC}") = "MicroRabbit.Transfer.Api", "MicroRabbit\MicroRabbit.Transfer.Api\MicroRabbit.Transfer.Api.csproj", "{F93C7240-71A8-4A52-8C85-3E28FF194898}"
EndProject
Project("{2150E333-8FDC-42A3-9474-1A3956D46DE8}") = "MicroRabbit.Infra.Bus", "MicroRabbit.Infra.Bus", "{16B7AC8B-340B-46F9-BE97-7F73316417E9}"
EndProject
Project("{2150E333-8FDC-42A3-9474-1A3956D46DE8}") = "MicroRabbit.Infra.IoC", "MicroRabbit.Infra.IoC", "{56B00587-3255-4A77-B53C-7E895E572468}"
EndProject
Project("{2150E333-8FDC-42A3-9474-1A3956D46DE8}") = "MicroRabbit.Domain.Core", "MicroRabbit.Domain.Core", "{775C79D3-7850-4976-AC78-B6B07D0CE2ED}"
EndProject
Project("{2150E333-8FDC-42A3-9474-1A3956D46DE8}") = "MicroRabbit.Microservices", "MicroRabbit.Microservices", "{DDA86497-86C0-4004-832C-BD6976699354}"
EndProject
Project("{2150E333-8FDC-42A3-9474-1A3956D46DE8}") = "Banking", "Banking", "{09D842EF-DD5F-424E-B754-45077D8008DA}"
EndProject
Project("{2150E333-8FDC-42A3-9474-1A3956D46DE8}") = "Api", "Api", "{4D7E5708-939C-4691-ADFA-3C9F61368EA1}"
EndProject
Project("{2150E333-8FDC-42A3-9474-1A3956D46DE8}") = "Transfer", "Transfer", "{8246FC9E-678A-460A-BA9F-73157A51CA75}"
EndProject
Project("{2150E333-8FDC-42A3-9474-1A3956D46DE8}") = "Api", "Api", "{FBD8D416-E15F-45B3-8B42-233C4EAC3587}"
EndProject
Project("{2150E333-8FDC-42A3-9474-1A3956D46DE8}") = "Data", "Data", "{6EF23B8E-68A3-4C6E-88CE-83A1C352EB7C}"
EndProject
Project("{2150E333-8FDC-42A3-9474-1A3956D46DE8}") = "Domain", "Domain", "{9F9BA399-2315-4719-A5FA-C8D5E5E5E026}"
EndProject
Project("{2150E333-8FDC-42A3-9474-1A3956D46DE8}") = "Application", "Application", "{8AB2BC99-3DA0-4B81-A689-51FA1F4743CF}"
EndProject
Project("{2150E333-8FDC-42A3-9474-1A3956D46DE8}") = "Data", "Data", "{71C02272-5F34-4E3F-A817-E6EBE9B59493}"
EndProject
Project("{2150E333-8FDC-42A3-9474-1A3956D46DE8}") = "Domain", "Domain", "{C98164FA-6447-4E21-BBBE-F8568D996666}"
EndProject
Project("{2150E333-8FDC-42A3-9474-1A3956D46DE8}") = "Application", "Application", "{6A08FE04-0F25-4333-B6FB-CF9B5A5CE92B}"
EndProject
Project("{FAE04EC0-301F-11D3-BF4B-00C04F79EFBC}") = "MicroRabbit.Transfer.Application", "MicroRabbit\MicroRabbit.Transfer.Application\MicroRabbit.Transfer.Application.csproj", "{02778FC0-40CC-4C7C-B8E4-D67966DA3F92}"
EndProject
Project("{FAE04EC0-301F-11D3-BF4B-00C04F79EFBC}") = "MicroRabbit.Transfer.Data", "MicroRabbit\MicroRabbit.Transfer.Data\MicroRabbit.Transfer.Data.csproj", "{3DCB5374-59E9-46B6-84EB-DCCB544159B6}"
EndProject
Project("{FAE04EC0-301F-11D3-BF4B-00C04F79EFBC}") = "MicroRabbit.Transfer.Domain", "MicroRabbit\MicroRabbit.Transfer.Domain\MicroRabbit.Transfer.Domain.csproj", "{74099DB3-BA02-4821-8F1A-26211E4EF1CE}"
EndProject
Global
	GlobalSection(SolutionConfigurationPlatforms) = preSolution
		Debug|Any CPU = Debug|Any CPU
		Release|Any CPU = Release|Any CPU
	EndGlobalSection
	GlobalSection(ProjectConfigurationPlatforms) = postSolution
		{8100E85C-0C4E-4D49-B996-699336863526}.Debug|Any CPU.ActiveCfg = Debug|Any CPU
		{8100E85C-0C4E-4D49-B996-699336863526}.Debug|Any CPU.Build.0 = Debug|Any CPU
		{8100E85C-0C4E-4D49-B996-699336863526}.Release|Any CPU.ActiveCfg = Release|Any CPU
		{8100E85C-0C4E-4D49-B996-699336863526}.Release|Any CPU.Build.0 = Release|Any CPU
		{F1CC19B9-EEE4-468A-958F-7289E7F5D6B0}.Debug|Any CPU.ActiveCfg = Debug|Any CPU
		{F1CC19B9-EEE4-468A-958F-7289E7F5D6B0}.Debug|Any CPU.Build.0 = Debug|Any CPU
		{F1CC19B9-EEE4-468A-958F-7289E7F5D6B0}.Release|Any CPU.ActiveCfg = Release|Any CPU
		{F1CC19B9-EEE4-468A-958F-7289E7F5D6B0}.Release|Any CPU.Build.0 = Release|Any CPU
		{ED32C780-8D10-4F64-A2D1-E236A3451880}.Debug|Any CPU.ActiveCfg = Debug|Any CPU
		{ED32C780-8D10-4F64-A2D1-E236A3451880}.Debug|Any CPU.Build.0 = Debug|Any CPU
		{ED32C780-8D10-4F64-A2D1-E236A3451880}.Release|Any CPU.ActiveCfg = Release|Any CPU
		{ED32C780-8D10-4F64-A2D1-E236A3451880}.Release|Any CPU.Build.0 = Release|Any CPU
		{12C999EE-080A-4F96-951C-209E9DFC9799}.Debug|Any CPU.ActiveCfg = Debug|Any CPU
		{12C999EE-080A-4F96-951C-209E9DFC9799}.Debug|Any CPU.Build.0 = Debug|Any CPU
		{12C999EE-080A-4F96-951C-209E9DFC9799}.Release|Any CPU.ActiveCfg = Release|Any CPU
		{12C999EE-080A-4F96-951C-209E9DFC9799}.Release|Any CPU.Build.0 = Release|Any CPU
		{7B62C160-B842-4588-9312-79585B74413D}.Debug|Any CPU.ActiveCfg = Debug|Any CPU
		{7B62C160-B842-4588-9312-79585B74413D}.Debug|Any CPU.Build.0 = Debug|Any CPU
		{7B62C160-B842-4588-9312-79585B74413D}.Release|Any CPU.ActiveCfg = Release|Any CPU
		{7B62C160-B842-4588-9312-79585B74413D}.Release|Any CPU.Build.0 = Release|Any CPU
		{1D95E713-9796-4428-81C5-8D8E5A9F2372}.Debug|Any CPU.ActiveCfg = Debug|Any CPU
		{1D95E713-9796-4428-81C5-8D8E5A9F2372}.Debug|Any CPU.Build.0 = Debug|Any CPU
		{1D95E713-9796-4428-81C5-8D8E5A9F2372}.Release|Any CPU.ActiveCfg = Release|Any CPU
		{1D95E713-9796-4428-81C5-8D8E5A9F2372}.Release|Any CPU.Build.0 = Release|Any CPU
		{42842350-CEC2-4FE0-B337-D2FBAC83F729}.Debug|Any CPU.ActiveCfg = Debug|Any CPU
		{42842350-CEC2-4FE0-B337-D2FBAC83F729}.Debug|Any CPU.Build.0 = Debug|Any CPU
		{42842350-CEC2-4FE0-B337-D2FBAC83F729}.Release|Any CPU.ActiveCfg = Release|Any CPU
		{42842350-CEC2-4FE0-B337-D2FBAC83F729}.Release|Any CPU.Build.0 = Release|Any CPU
		{F93C7240-71A8-4A52-8C85-3E28FF194898}.Debug|Any CPU.ActiveCfg = Debug|Any CPU
		{F93C7240-71A8-4A52-8C85-3E28FF194898}.Debug|Any CPU.Build.0 = Debug|Any CPU
		{F93C7240-71A8-4A52-8C85-3E28FF194898}.Release|Any CPU.ActiveCfg = Release|Any CPU
		{F93C7240-71A8-4A52-8C85-3E28FF194898}.Release|Any CPU.Build.0 = Release|Any CPU
		{02778FC0-40CC-4C7C-B8E4-D67966DA3F92}.Debug|Any CPU.ActiveCfg = Debug|Any CPU
		{02778FC0-40CC-4C7C-B8E4-D67966DA3F92}.Debug|Any CPU.Build.0 = Debug|Any CPU
		{02778FC0-40CC-4C7C-B8E4-D67966DA3F92}.Release|Any CPU.ActiveCfg = Release|Any CPU
		{02778FC0-40CC-4C7C-B8E4-D67966DA3F92}.Release|Any CPU.Build.0 = Release|Any CPU
		{3DCB5374-59E9-46B6-84EB-DCCB544159B6}.Debug|Any CPU.ActiveCfg = Debug|Any CPU
		{3DCB5374-59E9-46B6-84EB-DCCB544159B6}.Debug|Any CPU.Build.0 = Debug|Any CPU
		{3DCB5374-59E9-46B6-84EB-DCCB544159B6}.Release|Any CPU.ActiveCfg = Release|Any CPU
		{3DCB5374-59E9-46B6-84EB-DCCB544159B6}.Release|Any CPU.Build.0 = Release|Any CPU
		{74099DB3-BA02-4821-8F1A-26211E4EF1CE}.Debug|Any CPU.ActiveCfg = Debug|Any CPU
		{74099DB3-BA02-4821-8F1A-26211E4EF1CE}.Debug|Any CPU.Build.0 = Debug|Any CPU
		{74099DB3-BA02-4821-8F1A-26211E4EF1CE}.Release|Any CPU.ActiveCfg = Release|Any CPU
		{74099DB3-BA02-4821-8F1A-26211E4EF1CE}.Release|Any CPU.Build.0 = Release|Any CPU
	EndGlobalSection
	GlobalSection(NestedProjects) = preSolution
		{1D95E713-9796-4428-81C5-8D8E5A9F2372} = {16B7AC8B-340B-46F9-BE97-7F73316417E9}
		{42842350-CEC2-4FE0-B337-D2FBAC83F729} = {56B00587-3255-4A77-B53C-7E895E572468}
		{7B62C160-B842-4588-9312-79585B74413D} = {775C79D3-7850-4976-AC78-B6B07D0CE2ED}
		{09D842EF-DD5F-424E-B754-45077D8008DA} = {DDA86497-86C0-4004-832C-BD6976699354}
		{4D7E5708-939C-4691-ADFA-3C9F61368EA1} = {09D842EF-DD5F-424E-B754-45077D8008DA}
		{8246FC9E-678A-460A-BA9F-73157A51CA75} = {DDA86497-86C0-4004-832C-BD6976699354}
		{FBD8D416-E15F-45B3-8B42-233C4EAC3587} = {8246FC9E-678A-460A-BA9F-73157A51CA75}
		{8100E85C-0C4E-4D49-B996-699336863526} = {4D7E5708-939C-4691-ADFA-3C9F61368EA1}
		{F93C7240-71A8-4A52-8C85-3E28FF194898} = {FBD8D416-E15F-45B3-8B42-233C4EAC3587}
		{6EF23B8E-68A3-4C6E-88CE-83A1C352EB7C} = {09D842EF-DD5F-424E-B754-45077D8008DA}
		{9F9BA399-2315-4719-A5FA-C8D5E5E5E026} = {09D842EF-DD5F-424E-B754-45077D8008DA}
		{8AB2BC99-3DA0-4B81-A689-51FA1F4743CF} = {09D842EF-DD5F-424E-B754-45077D8008DA}
		{F1CC19B9-EEE4-468A-958F-7289E7F5D6B0} = {8AB2BC99-3DA0-4B81-A689-51FA1F4743CF}
		{ED32C780-8D10-4F64-A2D1-E236A3451880} = {6EF23B8E-68A3-4C6E-88CE-83A1C352EB7C}
		{12C999EE-080A-4F96-951C-209E9DFC9799} = {9F9BA399-2315-4719-A5FA-C8D5E5E5E026}
		{71C02272-5F34-4E3F-A817-E6EBE9B59493} = {8246FC9E-678A-460A-BA9F-73157A51CA75}
		{C98164FA-6447-4E21-BBBE-F8568D996666} = {8246FC9E-678A-460A-BA9F-73157A51CA75}
		{6A08FE04-0F25-4333-B6FB-CF9B5A5CE92B} = {8246FC9E-678A-460A-BA9F-73157A51CA75}
		{02778FC0-40CC-4C7C-B8E4-D67966DA3F92} = {6A08FE04-0F25-4333-B6FB-CF9B5A5CE92B}
		{3DCB5374-59E9-46B6-84EB-DCCB544159B6} = {71C02272-5F34-4E3F-A817-E6EBE9B59493}
		{74099DB3-BA02-4821-8F1A-26211E4EF1CE} = {C98164FA-6447-4E21-BBBE-F8568D996666}
	EndGlobalSection
EndGlobal
