
Microsoft Visual Studio Solution File, Format Version 12.00
# Visual Studio Version 16
VisualStudioVersion = 16.0.31105.61
MinimumVisualStudioVersion = 10.0.40219.1
Project("{2150E333-8FDC-42A3-9474-1A3956D46DE8}") = "Microservices", "Microservices", "{C3BB7B9C-58FB-472D-A432-4491BA369D12}"
EndProject
Project("{2150E333-8FDC-42A3-9474-1A3956D46DE8}") = "Domain", "Domain", "{FA1E78B6-A24C-46DF-A445-E82965EDDA4B}"
EndProject
Project("{2150E333-8FDC-42A3-9474-1A3956D46DE8}") = "Infra.Bus", "Infra.Bus", "{71079717-70FF-405D-ABE5-F680D01BAE71}"
EndProject
Project("{2150E333-8FDC-42A3-9474-1A3956D46DE8}") = "Infra.IoC", "Infra.IoC", "{BF3D6BC4-2F74-48E6-8BAA-42B1B2D2DD5B}"
EndProject
Project("{2150E333-8FDC-42A3-9474-1A3956D46DE8}") = "Presentatiion", "Presentatiion", "{005E8973-543A-4153-9DA5-B30231D71D91}"
EndProject
Project("{9A19103F-16F7-4668-BE54-9A1E7A4F7556}") = "MicroRabbit.Domain.Core", "MicroRabbit.Domain.Core\MicroRabbit.Domain.Core.csproj", "{3E3A76A0-4A1C-4B7A-86D2-CDBB705E87E6}"
EndProject
Project("{FAE04EC0-301F-11D3-BF4B-00C04F79EFBC}") = "MicroRabbit.Infra.Bus", "MicroRabbit.Infra.Bus\MicroRabbit.Infra.Bus.csproj", "{7C85BD68-009C-4B10-BA74-1082B16EFB85}"
EndProject
Project("{FAE04EC0-301F-11D3-BF4B-00C04F79EFBC}") = "MicroRabbit.Infra.IoC", "MicroRabbit.Infra.IoC\MicroRabbit.Infra.IoC.csproj", "{AB6EB14D-888D-470D-B4A8-164E8BE4A1EC}"
EndProject
Project("{2150E333-8FDC-42A3-9474-1A3956D46DE8}") = "Banking", "Banking", "{9A32EBFA-22E8-442D-9EC7-FCEAE8216854}"
EndProject
Project("{2150E333-8FDC-42A3-9474-1A3956D46DE8}") = "Api", "Api", "{7EDB90EF-A64E-4CCD-ACD2-C70A3B08C2F8}"
EndProject
Project("{2150E333-8FDC-42A3-9474-1A3956D46DE8}") = "Application", "Application", "{D731BC42-0DE8-42DA-8294-824A3E852E9D}"
EndProject
Project("{2150E333-8FDC-42A3-9474-1A3956D46DE8}") = "Domain", "Domain", "{9FF11BF1-2F98-4D66-9832-A4CB0C1DEF8B}"
EndProject
Project("{2150E333-8FDC-42A3-9474-1A3956D46DE8}") = "Data", "Data", "{CB794255-FA61-417B-8C26-2BEB41E77813}"
EndProject
Project("{FAE04EC0-301F-11D3-BF4B-00C04F79EFBC}") = "MicroRabbit.Banking.Api", "MicroRabbit.Banking.Api\MicroRabbit.Banking.Api.csproj", "{D482A360-3BA7-4DDF-A6CD-31B1471B6C1D}"
EndProject
Project("{FAE04EC0-301F-11D3-BF4B-00C04F79EFBC}") = "MicroRabbit.Banking.Application", "MicroRabbit.Banking.Application\MicroRabbit.Banking.Application.csproj", "{65A54216-A866-4469-8B8B-3CC3E09E97EF}"
EndProject
Project("{FAE04EC0-301F-11D3-BF4B-00C04F79EFBC}") = "MicroRabbit.Banking.Data", "MicroRabbit.Banking.Data\MicroRabbit.Banking.Data.csproj", "{8EE928F5-2977-461E-AADD-5289CA56736D}"
EndProject
Project("{FAE04EC0-301F-11D3-BF4B-00C04F79EFBC}") = "MicroRabbit.Banking.Domain", "MicroRabbit.Banking.Domain\MicroRabbit.Banking.Domain.csproj", "{B5397E96-663D-4602-B763-A7914DB52300}"
EndProject
Global
	GlobalSection(SolutionConfigurationPlatforms) = preSolution
		Debug|Any CPU = Debug|Any CPU
		Release|Any CPU = Release|Any CPU
	EndGlobalSection
	GlobalSection(ProjectConfigurationPlatforms) = postSolution
		{3E3A76A0-4A1C-4B7A-86D2-CDBB705E87E6}.Debug|Any CPU.ActiveCfg = Debug|Any CPU
		{3E3A76A0-4A1C-4B7A-86D2-CDBB705E87E6}.Debug|Any CPU.Build.0 = Debug|Any CPU
		{3E3A76A0-4A1C-4B7A-86D2-CDBB705E87E6}.Release|Any CPU.ActiveCfg = Release|Any CPU
		{3E3A76A0-4A1C-4B7A-86D2-CDBB705E87E6}.Release|Any CPU.Build.0 = Release|Any CPU
		{7C85BD68-009C-4B10-BA74-1082B16EFB85}.Debug|Any CPU.ActiveCfg = Debug|Any CPU
		{7C85BD68-009C-4B10-BA74-1082B16EFB85}.Debug|Any CPU.Build.0 = Debug|Any CPU
		{7C85BD68-009C-4B10-BA74-1082B16EFB85}.Release|Any CPU.ActiveCfg = Release|Any CPU
		{7C85BD68-009C-4B10-BA74-1082B16EFB85}.Release|Any CPU.Build.0 = Release|Any CPU
		{AB6EB14D-888D-470D-B4A8-164E8BE4A1EC}.Debug|Any CPU.ActiveCfg = Debug|Any CPU
		{AB6EB14D-888D-470D-B4A8-164E8BE4A1EC}.Debug|Any CPU.Build.0 = Debug|Any CPU
		{AB6EB14D-888D-470D-B4A8-164E8BE4A1EC}.Release|Any CPU.ActiveCfg = Release|Any CPU
		{AB6EB14D-888D-470D-B4A8-164E8BE4A1EC}.Release|Any CPU.Build.0 = Release|Any CPU
		{D482A360-3BA7-4DDF-A6CD-31B1471B6C1D}.Debug|Any CPU.ActiveCfg = Debug|Any CPU
		{D482A360-3BA7-4DDF-A6CD-31B1471B6C1D}.Debug|Any CPU.Build.0 = Debug|Any CPU
		{D482A360-3BA7-4DDF-A6CD-31B1471B6C1D}.Release|Any CPU.ActiveCfg = Release|Any CPU
		{D482A360-3BA7-4DDF-A6CD-31B1471B6C1D}.Release|Any CPU.Build.0 = Release|Any CPU
		{65A54216-A866-4469-8B8B-3CC3E09E97EF}.Debug|Any CPU.ActiveCfg = Debug|Any CPU
		{65A54216-A866-4469-8B8B-3CC3E09E97EF}.Debug|Any CPU.Build.0 = Debug|Any CPU
		{65A54216-A866-4469-8B8B-3CC3E09E97EF}.Release|Any CPU.ActiveCfg = Release|Any CPU
		{65A54216-A866-4469-8B8B-3CC3E09E97EF}.Release|Any CPU.Build.0 = Release|Any CPU
		{8EE928F5-2977-461E-AADD-5289CA56736D}.Debug|Any CPU.ActiveCfg = Debug|Any CPU
		{8EE928F5-2977-461E-AADD-5289CA56736D}.Debug|Any CPU.Build.0 = Debug|Any CPU
		{8EE928F5-2977-461E-AADD-5289CA56736D}.Release|Any CPU.ActiveCfg = Release|Any CPU
		{8EE928F5-2977-461E-AADD-5289CA56736D}.Release|Any CPU.Build.0 = Release|Any CPU
		{B5397E96-663D-4602-B763-A7914DB52300}.Debug|Any CPU.ActiveCfg = Debug|Any CPU
		{B5397E96-663D-4602-B763-A7914DB52300}.Debug|Any CPU.Build.0 = Debug|Any CPU
		{B5397E96-663D-4602-B763-A7914DB52300}.Release|Any CPU.ActiveCfg = Release|Any CPU
		{B5397E96-663D-4602-B763-A7914DB52300}.Release|Any CPU.Build.0 = Release|Any CPU
	EndGlobalSection
	GlobalSection(SolutionProperties) = preSolution
		HideSolutionNode = FALSE
	EndGlobalSection
	GlobalSection(NestedProjects) = preSolution
		{3E3A76A0-4A1C-4B7A-86D2-CDBB705E87E6} = {FA1E78B6-A24C-46DF-A445-E82965EDDA4B}
		{7C85BD68-009C-4B10-BA74-1082B16EFB85} = {71079717-70FF-405D-ABE5-F680D01BAE71}
		{AB6EB14D-888D-470D-B4A8-164E8BE4A1EC} = {BF3D6BC4-2F74-48E6-8BAA-42B1B2D2DD5B}
		{9A32EBFA-22E8-442D-9EC7-FCEAE8216854} = {C3BB7B9C-58FB-472D-A432-4491BA369D12}
		{7EDB90EF-A64E-4CCD-ACD2-C70A3B08C2F8} = {9A32EBFA-22E8-442D-9EC7-FCEAE8216854}
		{D731BC42-0DE8-42DA-8294-824A3E852E9D} = {9A32EBFA-22E8-442D-9EC7-FCEAE8216854}
		{9FF11BF1-2F98-4D66-9832-A4CB0C1DEF8B} = {9A32EBFA-22E8-442D-9EC7-FCEAE8216854}
		{CB794255-FA61-417B-8C26-2BEB41E77813} = {9A32EBFA-22E8-442D-9EC7-FCEAE8216854}
		{D482A360-3BA7-4DDF-A6CD-31B1471B6C1D} = {7EDB90EF-A64E-4CCD-ACD2-C70A3B08C2F8}
		{65A54216-A866-4469-8B8B-3CC3E09E97EF} = {D731BC42-0DE8-42DA-8294-824A3E852E9D}
		{8EE928F5-2977-461E-AADD-5289CA56736D} = {CB794255-FA61-417B-8C26-2BEB41E77813}
		{B5397E96-663D-4602-B763-A7914DB52300} = {9FF11BF1-2F98-4D66-9832-A4CB0C1DEF8B}
	EndGlobalSection
	GlobalSection(ExtensibilityGlobals) = postSolution
		SolutionGuid = {D67757CE-D745-43EA-8542-E2E9482AC88F}
	EndGlobalSection
EndGlobal
